schema: '2.0'
stages:
  ingest:
    cmd: python src/data_ingest.py
    deps:
    - path: ecom_recsys_sample.csv
      hash: md5
      md5: ec9738c7ba71f29bd5287d61c4e832da
      size: 1949
    - path: src/data_ingest.py
      hash: md5
      md5: ae908527c2a59ca1bc878c1a620aca15
      size: 411
    outs:
    - path: data/raw/data.csv
      hash: md5
      md5: 885fcf4f1bbe1f86c11ddc9b198e5a81
      size: 1955
  preprocess:
    cmd: python src/preprocess.py
    deps:
    - path: data/raw/data.csv
      hash: md5
      md5: 885fcf4f1bbe1f86c11ddc9b198e5a81
      size: 1955
    - path: src/preprocess.py
      hash: md5
      md5: 708d24b2d0718c8eb8d9620a2f711e25
      size: 1100
    outs:
    - path: data/processed/data_processed.csv
      hash: md5
      md5: f0f3b241392bc5760039e4c229009788
      size: 2006
  features:
    cmd: python src/feature_engineering.py
    deps:
    - path: data/processed/data_processed.csv
      hash: md5
      md5: f0f3b241392bc5760039e4c229009788
      size: 2006
    - path: src/feature_engineering.py
      hash: md5
      md5: 451c012b674a65ebd83b7905f375d4c0
      size: 1103
    outs:
    - path: data/features/features.csv
      hash: md5
      md5: 11d1391b23144699047af93dfde98172
      size: 311
  train:
    cmd: python src/train.py
    deps:
    - path: data/features/features.csv
      hash: md5
      md5: 11d1391b23144699047af93dfde98172
      size: 311
    - path: params.yaml
      hash: md5
      md5: 9d4d2d3d4e3106ba439376b3e4119558
      size: 188
    - path: src/train.py
      hash: md5
      md5: 94fd7d704648357999ca95d9362c425a
      size: 2376
    outs:
    - path: models/model.pkl
      hash: md5
      md5: 03e34874f106c1a913ef1fe072f314f5
      size: 1751
  evaluate:
    cmd: python src/evaluate.py
    deps:
    - path: models/model.pkl
      hash: md5
      md5: 03e34874f106c1a913ef1fe072f314f5
      size: 1751
    - path: src/evaluate.py
      hash: md5
      md5: b0b8cbe95de66f691f2c430dd9e91d92
      size: 942
    outs:
    - path: metrics/metrics.json
      hash: md5
      md5: fe616dc76a0740b214e0645675b7b756
      size: 33
